
Microsoft Visual Studio Solution File, Format Version 12.00
# Visual Studio Version 17
VisualStudioVersion = 17.11.35208.52
MinimumVisualStudioVersion = 10.0.40219.1
Project("{FAE04EC0-301F-11D3-BF4B-00C04F79EFBC}") = "EmployeeData", "EmployeeData\EmployeeData.csproj", "{67A51173-7BEE-47C7-8049-8F6A331168E2}"
EndProject
Global
	GlobalSection(SolutionConfigurationPlatforms) = preSolution
		Debug|Any CPU = Debug|Any CPU
		Release|Any CPU = Release|Any CPU
	EndGlobalSection
	GlobalSection(ProjectConfigurationPlatforms) = postSolution
		{67A51173-7BEE-47C7-8049-8F6A331168E2}.Debug|Any CPU.ActiveCfg = Debug|Any CPU
		{67A51173-7BEE-47C7-8049-8F6A331168E2}.Debug|Any CPU.Build.0 = Debug|Any CPU
		{67A51173-7BEE-47C7-8049-8F6A331168E2}.Release|Any CPU.ActiveCfg = Release|Any CPU
		{67A51173-7BEE-47C7-8049-8F6A331168E2}.Release|Any CPU.Build.0 = Release|Any CPU
	EndGlobalSection
	GlobalSection(SolutionProperties) = preSolution
		HideSolutionNode = FALSE
	EndGlobalSection
	GlobalSection(ExtensibilityGlobals) = postSolution
		SolutionGuid = {96E3C049-2044-436B-ABA2-6A96D650F68B}
	EndGlobalSection
EndGlobal
